// !$*UTF8*$!
{
	archiveVersion = 1;
	classes = {
	};
	objectVersion = 56;
	objects = {

/* Begin PBXBuildFile section */
		4FCBEF3C2C779B8800BE5555 /* Image_GalleryApp.swift in Sources */ = {isa = PBXBuildFile; fileRef = 4FCBEF3B2C779B8800BE5555 /* Image_GalleryApp.swift */; };
		4FCBEF422C779B8A00BE5555 /* Assets.xcassets in Resources */ = {isa = PBXBuildFile; fileRef = 4FCBEF412C779B8A00BE5555 /* Assets.xcassets */; };
		4FCBEF452C779B8A00BE5555 /* Preview Assets.xcassets in Resources */ = {isa = PBXBuildFile; fileRef = 4FCBEF442C779B8A00BE5555 /* Preview Assets.xcassets */; };
		4FCBEF592C779B8A00BE5555 /* Image_GalleryUITests.swift in Sources */ = {isa = PBXBuildFile; fileRef = 4FCBEF582C779B8A00BE5555 /* Image_GalleryUITests.swift */; };
		4FCBEF5B2C779B8A00BE5555 /* Image_GalleryUITestsLaunchTests.swift in Sources */ = {isa = PBXBuildFile; fileRef = 4FCBEF5A2C779B8A00BE5555 /* Image_GalleryUITestsLaunchTests.swift */; };
		4FCBEF6D2C779CAF00BE5555 /* GalleryView.swift in Sources */ = {isa = PBXBuildFile; fileRef = 4FCBEF6C2C779CAF00BE5555 /* GalleryView.swift */; };
		4FCBEF6F2C779CBE00BE5555 /* DetailView.swift in Sources */ = {isa = PBXBuildFile; fileRef = 4FCBEF6E2C779CBE00BE5555 /* DetailView.swift */; };
		4FCBEF712C779CD600BE5555 /* FavouriteView.swift in Sources */ = {isa = PBXBuildFile; fileRef = 4FCBEF702C779CD600BE5555 /* FavouriteView.swift */; };
		4FCBEF732C779CE000BE5555 /* GalleryViewModel.swift in Sources */ = {isa = PBXBuildFile; fileRef = 4FCBEF722C779CE000BE5555 /* GalleryViewModel.swift */; };
		4FCBEF752C779CEA00BE5555 /* FavouriteViewModel.swift in Sources */ = {isa = PBXBuildFile; fileRef = 4FCBEF742C779CEA00BE5555 /* FavouriteViewModel.swift */; };
		4FCBEF772C779D0000BE5555 /* ImageRepository.swift in Sources */ = {isa = PBXBuildFile; fileRef = 4FCBEF762C779D0000BE5555 /* ImageRepository.swift */; };
		4FCBEF792C779D1000BE5555 /* ImageEntity.swift in Sources */ = {isa = PBXBuildFile; fileRef = 4FCBEF782C779D1000BE5555 /* ImageEntity.swift */; };
		4FCBEF7D2C779D2D00BE5555 /* FavouriteImageStore.swift in Sources */ = {isa = PBXBuildFile; fileRef = 4FCBEF7C2C779D2D00BE5555 /* FavouriteImageStore.swift */; };
		4FCBEF7F2C779D3900BE5555 /* ImageDownloader.swift in Sources */ = {isa = PBXBuildFile; fileRef = 4FCBEF7E2C779D3900BE5555 /* ImageDownloader.swift */; };
		4FCBEF812C779D4800BE5555 /* ImageCacheService.swift in Sources */ = {isa = PBXBuildFile; fileRef = 4FCBEF802C779D4800BE5555 /* ImageCacheService.swift */; };
		4FCBEF832C779EEF00BE5555 /* Errors.swift in Sources */ = {isa = PBXBuildFile; fileRef = 4FCBEF822C779EEF00BE5555 /* Errors.swift */; };
		4FCBEF882C77A56A00BE5555 /* Image.swift in Sources */ = {isa = PBXBuildFile; fileRef = 4FCBEF872C77A56A00BE5555 /* Image.swift */; };
		4FCBEF8A2C77A7C600BE5555 /* FavouriteImageStoreTests.swift in Sources */ = {isa = PBXBuildFile; fileRef = 4FCBEF892C77A7C600BE5555 /* FavouriteImageStoreTests.swift */; };
		4FCBEF8E2C77C85900BE5555 /* DownloadServiceTests.swift in Sources */ = {isa = PBXBuildFile; fileRef = 4FCBEF8D2C77C85900BE5555 /* DownloadServiceTests.swift */; };
		4FCBEF932C77D11700BE5555 /* ImageCacheServiceTests.swift in Sources */ = {isa = PBXBuildFile; fileRef = 4FCBEF922C77D11700BE5555 /* ImageCacheServiceTests.swift */; };
		4FCBEF952C788EFF00BE5555 /* ItemView.swift in Sources */ = {isa = PBXBuildFile; fileRef = 4FCBEF942C788EFF00BE5555 /* ItemView.swift */; };
		4FCBEF972C788F3000BE5555 /* Item.swift in Sources */ = {isa = PBXBuildFile; fileRef = 4FCBEF962C788F3000BE5555 /* Item.swift */; };
		4FCBEF992C78906200BE5555 /* bullElk.jpg in Resources */ = {isa = PBXBuildFile; fileRef = 4FCBEF982C78906200BE5555 /* bullElk.jpg */; };
		4FCBEF9B2C78936C00BE5555 /* GalleryViewModelTests.swift in Sources */ = {isa = PBXBuildFile; fileRef = 4FCBEF9A2C78936C00BE5555 /* GalleryViewModelTests.swift */; };
/* End PBXBuildFile section */

/* Begin PBXContainerItemProxy section */
		4FCBEF4B2C779B8A00BE5555 /* PBXContainerItemProxy */ = {
			isa = PBXContainerItemProxy;
			containerPortal = 4FCBEF302C779B8800BE5555 /* Project object */;
			proxyType = 1;
			remoteGlobalIDString = 4FCBEF372C779B8800BE5555;
			remoteInfo = "Image Gallery";
		};
		4FCBEF552C779B8A00BE5555 /* PBXContainerItemProxy */ = {
			isa = PBXContainerItemProxy;
			containerPortal = 4FCBEF302C779B8800BE5555 /* Project object */;
			proxyType = 1;
			remoteGlobalIDString = 4FCBEF372C779B8800BE5555;
			remoteInfo = "Image Gallery";
		};
/* End PBXContainerItemProxy section */

/* Begin PBXFileReference section */
		4FCBEF382C779B8800BE5555 /* Image Gallery.app */ = {isa = PBXFileReference; explicitFileType = wrapper.application; includeInIndex = 0; path = "Image Gallery.app"; sourceTree = BUILT_PRODUCTS_DIR; };
		4FCBEF3B2C779B8800BE5555 /* Image_GalleryApp.swift */ = {isa = PBXFileReference; lastKnownFileType = sourcecode.swift; path = Image_GalleryApp.swift; sourceTree = "<group>"; };
		4FCBEF412C779B8A00BE5555 /* Assets.xcassets */ = {isa = PBXFileReference; lastKnownFileType = folder.assetcatalog; path = Assets.xcassets; sourceTree = "<group>"; };
		4FCBEF442C779B8A00BE5555 /* Preview Assets.xcassets */ = {isa = PBXFileReference; lastKnownFileType = folder.assetcatalog; path = "Preview Assets.xcassets"; sourceTree = "<group>"; };
		4FCBEF4A2C779B8A00BE5555 /* Image GalleryTests.xctest */ = {isa = PBXFileReference; explicitFileType = wrapper.cfbundle; includeInIndex = 0; path = "Image GalleryTests.xctest"; sourceTree = BUILT_PRODUCTS_DIR; };
		4FCBEF542C779B8A00BE5555 /* Image GalleryUITests.xctest */ = {isa = PBXFileReference; explicitFileType = wrapper.cfbundle; includeInIndex = 0; path = "Image GalleryUITests.xctest"; sourceTree = BUILT_PRODUCTS_DIR; };
		4FCBEF582C779B8A00BE5555 /* Image_GalleryUITests.swift */ = {isa = PBXFileReference; lastKnownFileType = sourcecode.swift; path = Image_GalleryUITests.swift; sourceTree = "<group>"; };
		4FCBEF5A2C779B8A00BE5555 /* Image_GalleryUITestsLaunchTests.swift */ = {isa = PBXFileReference; lastKnownFileType = sourcecode.swift; path = Image_GalleryUITestsLaunchTests.swift; sourceTree = "<group>"; };
		4FCBEF6C2C779CAF00BE5555 /* GalleryView.swift */ = {isa = PBXFileReference; lastKnownFileType = sourcecode.swift; path = GalleryView.swift; sourceTree = "<group>"; };
		4FCBEF6E2C779CBE00BE5555 /* DetailView.swift */ = {isa = PBXFileReference; lastKnownFileType = sourcecode.swift; path = DetailView.swift; sourceTree = "<group>"; };
		4FCBEF702C779CD600BE5555 /* FavouriteView.swift */ = {isa = PBXFileReference; lastKnownFileType = sourcecode.swift; path = FavouriteView.swift; sourceTree = "<group>"; };
		4FCBEF722C779CE000BE5555 /* GalleryViewModel.swift */ = {isa = PBXFileReference; lastKnownFileType = sourcecode.swift; path = GalleryViewModel.swift; sourceTree = "<group>"; };
		4FCBEF742C779CEA00BE5555 /* FavouriteViewModel.swift */ = {isa = PBXFileReference; lastKnownFileType = sourcecode.swift; path = FavouriteViewModel.swift; sourceTree = "<group>"; };
		4FCBEF762C779D0000BE5555 /* ImageRepository.swift */ = {isa = PBXFileReference; lastKnownFileType = sourcecode.swift; path = ImageRepository.swift; sourceTree = "<group>"; };
		4FCBEF782C779D1000BE5555 /* ImageEntity.swift */ = {isa = PBXFileReference; lastKnownFileType = sourcecode.swift; path = ImageEntity.swift; sourceTree = "<group>"; };
		4FCBEF7C2C779D2D00BE5555 /* FavouriteImageStore.swift */ = {isa = PBXFileReference; lastKnownFileType = sourcecode.swift; path = FavouriteImageStore.swift; sourceTree = "<group>"; };
		4FCBEF7E2C779D3900BE5555 /* ImageDownloader.swift */ = {isa = PBXFileReference; lastKnownFileType = sourcecode.swift; path = ImageDownloader.swift; sourceTree = "<group>"; };
		4FCBEF802C779D4800BE5555 /* ImageCacheService.swift */ = {isa = PBXFileReference; lastKnownFileType = sourcecode.swift; path = ImageCacheService.swift; sourceTree = "<group>"; };
		4FCBEF822C779EEF00BE5555 /* Errors.swift */ = {isa = PBXFileReference; lastKnownFileType = sourcecode.swift; path = Errors.swift; sourceTree = "<group>"; };
		4FCBEF872C77A56A00BE5555 /* Image.swift */ = {isa = PBXFileReference; lastKnownFileType = sourcecode.swift; path = Image.swift; sourceTree = "<group>"; };
		4FCBEF892C77A7C600BE5555 /* FavouriteImageStoreTests.swift */ = {isa = PBXFileReference; lastKnownFileType = sourcecode.swift; path = FavouriteImageStoreTests.swift; sourceTree = "<group>"; };
		4FCBEF8D2C77C85900BE5555 /* DownloadServiceTests.swift */ = {isa = PBXFileReference; lastKnownFileType = sourcecode.swift; path = DownloadServiceTests.swift; sourceTree = "<group>"; };
		4FCBEF922C77D11700BE5555 /* ImageCacheServiceTests.swift */ = {isa = PBXFileReference; lastKnownFileType = sourcecode.swift; path = ImageCacheServiceTests.swift; sourceTree = "<group>"; };
		4FCBEF942C788EFF00BE5555 /* ItemView.swift */ = {isa = PBXFileReference; lastKnownFileType = sourcecode.swift; path = ItemView.swift; sourceTree = "<group>"; };
		4FCBEF962C788F3000BE5555 /* Item.swift */ = {isa = PBXFileReference; lastKnownFileType = sourcecode.swift; path = Item.swift; sourceTree = "<group>"; };
		4FCBEF982C78906200BE5555 /* bullElk.jpg */ = {isa = PBXFileReference; lastKnownFileType = image.jpeg; path = bullElk.jpg; sourceTree = "<group>"; };
		4FCBEF9A2C78936C00BE5555 /* GalleryViewModelTests.swift */ = {isa = PBXFileReference; lastKnownFileType = sourcecode.swift; path = GalleryViewModelTests.swift; sourceTree = "<group>"; };
/* End PBXFileReference section */

/* Begin PBXFrameworksBuildPhase section */
		4FCBEF352C779B8800BE5555 /* Frameworks */ = {
			isa = PBXFrameworksBuildPhase;
			buildActionMask = 2147483647;
			files = (
			);
			runOnlyForDeploymentPostprocessing = 0;
		};
		4FCBEF472C779B8A00BE5555 /* Frameworks */ = {
			isa = PBXFrameworksBuildPhase;
			buildActionMask = 2147483647;
			files = (
			);
			runOnlyForDeploymentPostprocessing = 0;
		};
		4FCBEF512C779B8A00BE5555 /* Frameworks */ = {
			isa = PBXFrameworksBuildPhase;
			buildActionMask = 2147483647;
			files = (
			);
			runOnlyForDeploymentPostprocessing = 0;
		};
/* End PBXFrameworksBuildPhase section */

/* Begin PBXGroup section */
		4FCBEF2F2C779B8800BE5555 = {
			isa = PBXGroup;
			children = (
				4FCBEF3A2C779B8800BE5555 /* Image Gallery */,
				4FCBEF4D2C779B8A00BE5555 /* Image GalleryTests */,
				4FCBEF572C779B8A00BE5555 /* Image GalleryUITests */,
				4FCBEF392C779B8800BE5555 /* Products */,
			);
			sourceTree = "<group>";
		};
		4FCBEF392C779B8800BE5555 /* Products */ = {
			isa = PBXGroup;
			children = (
				4FCBEF382C779B8800BE5555 /* Image Gallery.app */,
				4FCBEF4A2C779B8A00BE5555 /* Image GalleryTests.xctest */,
				4FCBEF542C779B8A00BE5555 /* Image GalleryUITests.xctest */,
			);
			name = Products;
			sourceTree = "<group>";
		};
		4FCBEF3A2C779B8800BE5555 /* Image Gallery */ = {
			isa = PBXGroup;
			children = (
				4FCBEF862C77A55900BE5555 /* Model */,
				4FCBEF692C779C6500BE5555 /* ViewModel */,
				4FCBEF672C779C4C00BE5555 /* View */,
				4FCBEF8F2C77CD1900BE5555 /* Services */,
				4FCBEF682C779C5900BE5555 /* Support Files */,
				4FCBEF3B2C779B8800BE5555 /* Image_GalleryApp.swift */,
				4FCBEF412C779B8A00BE5555 /* Assets.xcassets */,
				4FCBEF432C779B8A00BE5555 /* Preview Content */,
			);
			path = "Image Gallery";
			sourceTree = "<group>";
		};
		4FCBEF432C779B8A00BE5555 /* Preview Content */ = {
			isa = PBXGroup;
			children = (
				4FCBEF442C779B8A00BE5555 /* Preview Assets.xcassets */,
			);
			path = "Preview Content";
			sourceTree = "<group>";
		};
		4FCBEF4D2C779B8A00BE5555 /* Image GalleryTests */ = {
			isa = PBXGroup;
			children = (
				4FCBEF892C77A7C600BE5555 /* FavouriteImageStoreTests.swift */,
				4FCBEF8D2C77C85900BE5555 /* DownloadServiceTests.swift */,
				4FCBEF922C77D11700BE5555 /* ImageCacheServiceTests.swift */,
				4FCBEF9A2C78936C00BE5555 /* GalleryViewModelTests.swift */,
			);
			path = "Image GalleryTests";
			sourceTree = "<group>";
		};
		4FCBEF572C779B8A00BE5555 /* Image GalleryUITests */ = {
			isa = PBXGroup;
			children = (
				4FCBEF582C779B8A00BE5555 /* Image_GalleryUITests.swift */,
				4FCBEF5A2C779B8A00BE5555 /* Image_GalleryUITestsLaunchTests.swift */,
			);
			path = "Image GalleryUITests";
			sourceTree = "<group>";
		};
		4FCBEF672C779C4C00BE5555 /* View */ = {
			isa = PBXGroup;
			children = (
				4FCBEF6C2C779CAF00BE5555 /* GalleryView.swift */,
				4FCBEF6E2C779CBE00BE5555 /* DetailView.swift */,
				4FCBEF702C779CD600BE5555 /* FavouriteView.swift */,
				4FCBEF942C788EFF00BE5555 /* ItemView.swift */,
			);
			path = View;
			sourceTree = "<group>";
		};
		4FCBEF682C779C5900BE5555 /* Support Files */ = {
			isa = PBXGroup;
			children = (
				4FCBEF982C78906200BE5555 /* bullElk.jpg */,
				4FCBEF822C779EEF00BE5555 /* Errors.swift */,
			);
			path = "Support Files";
			sourceTree = "<group>";
		};
		4FCBEF692C779C6500BE5555 /* ViewModel */ = {
			isa = PBXGroup;
			children = (
				4FCBEF722C779CE000BE5555 /* GalleryViewModel.swift */,
				4FCBEF742C779CEA00BE5555 /* FavouriteViewModel.swift */,
			);
			path = ViewModel;
			sourceTree = "<group>";
		};
		4FCBEF6A2C779C7000BE5555 /* Repository */ = {
			isa = PBXGroup;
			children = (
				4FCBEF762C779D0000BE5555 /* ImageRepository.swift */,
			);
			path = Repository;
			sourceTree = "<group>";
		};
		4FCBEF6B2C779C8200BE5555 /* Data */ = {
			isa = PBXGroup;
			children = (
				4FCBEF7C2C779D2D00BE5555 /* FavouriteImageStore.swift */,
				4FCBEF7E2C779D3900BE5555 /* ImageDownloader.swift */,
				4FCBEF802C779D4800BE5555 /* ImageCacheService.swift */,
			);
			path = Data;
			sourceTree = "<group>";
		};
		4FCBEF862C77A55900BE5555 /* Model */ = {
			isa = PBXGroup;
			children = (
				4FCBEF782C779D1000BE5555 /* ImageEntity.swift */,
				4FCBEF872C77A56A00BE5555 /* Image.swift */,
				4FCBEF962C788F3000BE5555 /* Item.swift */,
			);
			path = Model;
			sourceTree = "<group>";
		};
		4FCBEF8F2C77CD1900BE5555 /* Services */ = {
			isa = PBXGroup;
			children = (
				4FCBEF6B2C779C8200BE5555 /* Data */,
				4FCBEF6A2C779C7000BE5555 /* Repository */,
			);
			path = Services;
			sourceTree = "<group>";
		};
/* End PBXGroup section */

/* Begin PBXNativeTarget section */
		4FCBEF372C779B8800BE5555 /* Image Gallery */ = {
			isa = PBXNativeTarget;
			buildConfigurationList = 4FCBEF5E2C779B8A00BE5555 /* Build configuration list for PBXNativeTarget "Image Gallery" */;
			buildPhases = (
				4FCBEF342C779B8800BE5555 /* Sources */,
				4FCBEF352C779B8800BE5555 /* Frameworks */,
				4FCBEF362C779B8800BE5555 /* Resources */,
			);
			buildRules = (
			);
			dependencies = (
			);
			name = "Image Gallery";
			productName = "Image Gallery";
			productReference = 4FCBEF382C779B8800BE5555 /* Image Gallery.app */;
			productType = "com.apple.product-type.application";
		};
		4FCBEF492C779B8A00BE5555 /* Image GalleryTests */ = {
			isa = PBXNativeTarget;
			buildConfigurationList = 4FCBEF612C779B8A00BE5555 /* Build configuration list for PBXNativeTarget "Image GalleryTests" */;
			buildPhases = (
				4FCBEF462C779B8A00BE5555 /* Sources */,
				4FCBEF472C779B8A00BE5555 /* Frameworks */,
				4FCBEF482C779B8A00BE5555 /* Resources */,
			);
			buildRules = (
			);
			dependencies = (
				4FCBEF4C2C779B8A00BE5555 /* PBXTargetDependency */,
			);
			name = "Image GalleryTests";
			productName = "Image GalleryTests";
			productReference = 4FCBEF4A2C779B8A00BE5555 /* Image GalleryTests.xctest */;
			productType = "com.apple.product-type.bundle.unit-test";
		};
		4FCBEF532C779B8A00BE5555 /* Image GalleryUITests */ = {
			isa = PBXNativeTarget;
			buildConfigurationList = 4FCBEF642C779B8A00BE5555 /* Build configuration list for PBXNativeTarget "Image GalleryUITests" */;
			buildPhases = (
				4FCBEF502C779B8A00BE5555 /* Sources */,
				4FCBEF512C779B8A00BE5555 /* Frameworks */,
				4FCBEF522C779B8A00BE5555 /* Resources */,
			);
			buildRules = (
			);
			dependencies = (
				4FCBEF562C779B8A00BE5555 /* PBXTargetDependency */,
			);
			name = "Image GalleryUITests";
			productName = "Image GalleryUITests";
			productReference = 4FCBEF542C779B8A00BE5555 /* Image GalleryUITests.xctest */;
			productType = "com.apple.product-type.bundle.ui-testing";
		};
/* End PBXNativeTarget section */

/* Begin PBXProject section */
		4FCBEF302C779B8800BE5555 /* Project object */ = {
			isa = PBXProject;
			attributes = {
				BuildIndependentTargetsInParallel = 1;
				LastSwiftUpdateCheck = 1540;
				LastUpgradeCheck = 1540;
				TargetAttributes = {
					4FCBEF372C779B8800BE5555 = {
						CreatedOnToolsVersion = 15.4;
					};
					4FCBEF492C779B8A00BE5555 = {
						CreatedOnToolsVersion = 15.4;
						TestTargetID = 4FCBEF372C779B8800BE5555;
					};
					4FCBEF532C779B8A00BE5555 = {
						CreatedOnToolsVersion = 15.4;
						TestTargetID = 4FCBEF372C779B8800BE5555;
					};
				};
			};
			buildConfigurationList = 4FCBEF332C779B8800BE5555 /* Build configuration list for PBXProject "Image Gallery" */;
			compatibilityVersion = "Xcode 14.0";
			developmentRegion = en;
			hasScannedForEncodings = 0;
			knownRegions = (
				en,
				Base,
			);
			mainGroup = 4FCBEF2F2C779B8800BE5555;
			productRefGroup = 4FCBEF392C779B8800BE5555 /* Products */;
			projectDirPath = "";
			projectRoot = "";
			targets = (
				4FCBEF372C779B8800BE5555 /* Image Gallery */,
				4FCBEF492C779B8A00BE5555 /* Image GalleryTests */,
				4FCBEF532C779B8A00BE5555 /* Image GalleryUITests */,
			);
		};
/* End PBXProject section */

/* Begin PBXResourcesBuildPhase section */
		4FCBEF362C779B8800BE5555 /* Resources */ = {
			isa = PBXResourcesBuildPhase;
			buildActionMask = 2147483647;
			files = (
				4FCBEF452C779B8A00BE5555 /* Preview Assets.xcassets in Resources */,
				4FCBEF422C779B8A00BE5555 /* Assets.xcassets in Resources */,
				4FCBEF992C78906200BE5555 /* bullElk.jpg in Resources */,
			);
			runOnlyForDeploymentPostprocessing = 0;
		};
		4FCBEF482C779B8A00BE5555 /* Resources */ = {
			isa = PBXResourcesBuildPhase;
			buildActionMask = 2147483647;
			files = (
			);
			runOnlyForDeploymentPostprocessing = 0;
		};
		4FCBEF522C779B8A00BE5555 /* Resources */ = {
			isa = PBXResourcesBuildPhase;
			buildActionMask = 2147483647;
			files = (
			);
			runOnlyForDeploymentPostprocessing = 0;
		};
/* End PBXResourcesBuildPhase section */

/* Begin PBXSourcesBuildPhase section */
		4FCBEF342C779B8800BE5555 /* Sources */ = {
			isa = PBXSourcesBuildPhase;
			buildActionMask = 2147483647;
			files = (
				4FCBEF832C779EEF00BE5555 /* Errors.swift in Sources */,
				4FCBEF812C779D4800BE5555 /* ImageCacheService.swift in Sources */,
				4FCBEF972C788F3000BE5555 /* Item.swift in Sources */,
				4FCBEF952C788EFF00BE5555 /* ItemView.swift in Sources */,
				4FCBEF732C779CE000BE5555 /* GalleryViewModel.swift in Sources */,
				4FCBEF7F2C779D3900BE5555 /* ImageDownloader.swift in Sources */,
				4FCBEF3C2C779B8800BE5555 /* Image_GalleryApp.swift in Sources */,
				4FCBEF752C779CEA00BE5555 /* FavouriteViewModel.swift in Sources */,
				4FCBEF6F2C779CBE00BE5555 /* DetailView.swift in Sources */,
				4FCBEF882C77A56A00BE5555 /* Image.swift in Sources */,
				4FCBEF712C779CD600BE5555 /* FavouriteView.swift in Sources */,
				4FCBEF772C779D0000BE5555 /* ImageRepository.swift in Sources */,
				4FCBEF7D2C779D2D00BE5555 /* FavouriteImageStore.swift in Sources */,
				4FCBEF792C779D1000BE5555 /* ImageEntity.swift in Sources */,
				4FCBEF6D2C779CAF00BE5555 /* GalleryView.swift in Sources */,
			);
			runOnlyForDeploymentPostprocessing = 0;
		};
		4FCBEF462C779B8A00BE5555 /* Sources */ = {
			isa = PBXSourcesBuildPhase;
			buildActionMask = 2147483647;
			files = (
				4FCBEF8A2C77A7C600BE5555 /* FavouriteImageStoreTests.swift in Sources */,
				4FCBEF9B2C78936C00BE5555 /* GalleryViewModelTests.swift in Sources */,
				4FCBEF932C77D11700BE5555 /* ImageCacheServiceTests.swift in Sources */,
				4FCBEF8E2C77C85900BE5555 /* DownloadServiceTests.swift in Sources */,
			);
			runOnlyForDeploymentPostprocessing = 0;
		};
		4FCBEF502C779B8A00BE5555 /* Sources */ = {
			isa = PBXSourcesBuildPhase;
			buildActionMask = 2147483647;
			files = (
				4FCBEF592C779B8A00BE5555 /* Image_GalleryUITests.swift in Sources */,
				4FCBEF5B2C779B8A00BE5555 /* Image_GalleryUITestsLaunchTests.swift in Sources */,
			);
			runOnlyForDeploymentPostprocessing = 0;
		};
/* End PBXSourcesBuildPhase section */

/* Begin PBXTargetDependency section */
		4FCBEF4C2C779B8A00BE5555 /* PBXTargetDependency */ = {
			isa = PBXTargetDependency;
			target = 4FCBEF372C779B8800BE5555 /* Image Gallery */;
			targetProxy = 4FCBEF4B2C779B8A00BE5555 /* PBXContainerItemProxy */;
		};
		4FCBEF562C779B8A00BE5555 /* PBXTargetDependency */ = {
			isa = PBXTargetDependency;
			target = 4FCBEF372C779B8800BE5555 /* Image Gallery */;
			targetProxy = 4FCBEF552C779B8A00BE5555 /* PBXContainerItemProxy */;
		};
/* End PBXTargetDependency section */

/* Begin XCBuildConfiguration section */
		4FCBEF5C2C779B8A00BE5555 /* Debug */ = {
			isa = XCBuildConfiguration;
			buildSettings = {
				ALWAYS_SEARCH_USER_PATHS = NO;
				ASSETCATALOG_COMPILER_GENERATE_SWIFT_ASSET_SYMBOL_EXTENSIONS = YES;
				CLANG_ANALYZER_NONNULL = YES;
				CLANG_ANALYZER_NUMBER_OBJECT_CONVERSION = YES_AGGRESSIVE;
				CLANG_CXX_LANGUAGE_STANDARD = "gnu++20";
				CLANG_ENABLE_MODULES = YES;
				CLANG_ENABLE_OBJC_ARC = YES;
				CLANG_ENABLE_OBJC_WEAK = YES;
				CLANG_WARN_BLOCK_CAPTURE_AUTORELEASING = YES;
				CLANG_WARN_BOOL_CONVERSION = YES;
				CLANG_WARN_COMMA = YES;
				CLANG_WARN_CONSTANT_CONVERSION = YES;
				CLANG_WARN_DEPRECATED_OBJC_IMPLEMENTATIONS = YES;
				CLANG_WARN_DIRECT_OBJC_ISA_USAGE = YES_ERROR;
				CLANG_WARN_DOCUMENTATION_COMMENTS = YES;
				CLANG_WARN_EMPTY_BODY = YES;
				CLANG_WARN_ENUM_CONVERSION = YES;
				CLANG_WARN_INFINITE_RECURSION = YES;
				CLANG_WARN_INT_CONVERSION = YES;
				CLANG_WARN_NON_LITERAL_NULL_CONVERSION = YES;
				CLANG_WARN_OBJC_IMPLICIT_RETAIN_SELF = YES;
				CLANG_WARN_OBJC_LITERAL_CONVERSION = YES;
				CLANG_WARN_OBJC_ROOT_CLASS = YES_ERROR;
				CLANG_WARN_QUOTED_INCLUDE_IN_FRAMEWORK_HEADER = YES;
				CLANG_WARN_RANGE_LOOP_ANALYSIS = YES;
				CLANG_WARN_STRICT_PROTOTYPES = YES;
				CLANG_WARN_SUSPICIOUS_MOVE = YES;
				CLANG_WARN_UNGUARDED_AVAILABILITY = YES_AGGRESSIVE;
				CLANG_WARN_UNREACHABLE_CODE = YES;
				CLANG_WARN__DUPLICATE_METHOD_MATCH = YES;
				COPY_PHASE_STRIP = NO;
				DEBUG_INFORMATION_FORMAT = dwarf;
				ENABLE_STRICT_OBJC_MSGSEND = YES;
				ENABLE_TESTABILITY = YES;
				ENABLE_USER_SCRIPT_SANDBOXING = YES;
				GCC_C_LANGUAGE_STANDARD = gnu17;
				GCC_DYNAMIC_NO_PIC = NO;
				GCC_NO_COMMON_BLOCKS = YES;
				GCC_OPTIMIZATION_LEVEL = 0;
				GCC_PREPROCESSOR_DEFINITIONS = (
					"DEBUG=1",
					"$(inherited)",
				);
				GCC_WARN_64_TO_32_BIT_CONVERSION = YES;
				GCC_WARN_ABOUT_RETURN_TYPE = YES_ERROR;
				GCC_WARN_UNDECLARED_SELECTOR = YES;
				GCC_WARN_UNINITIALIZED_AUTOS = YES_AGGRESSIVE;
				GCC_WARN_UNUSED_FUNCTION = YES;
				GCC_WARN_UNUSED_VARIABLE = YES;
				IPHONEOS_DEPLOYMENT_TARGET = 17.5;
				LOCALIZATION_PREFERS_STRING_CATALOGS = YES;
				MTL_ENABLE_DEBUG_INFO = INCLUDE_SOURCE;
				MTL_FAST_MATH = YES;
				ONLY_ACTIVE_ARCH = YES;
				SDKROOT = iphoneos;
				SWIFT_ACTIVE_COMPILATION_CONDITIONS = "DEBUG $(inherited)";
				SWIFT_OPTIMIZATION_LEVEL = "-Onone";
			};
			name = Debug;
		};
		4FCBEF5D2C779B8A00BE5555 /* Release */ = {
			isa = XCBuildConfiguration;
			buildSettings = {
				ALWAYS_SEARCH_USER_PATHS = NO;
				ASSETCATALOG_COMPILER_GENERATE_SWIFT_ASSET_SYMBOL_EXTENSIONS = YES;
				CLANG_ANALYZER_NONNULL = YES;
				CLANG_ANALYZER_NUMBER_OBJECT_CONVERSION = YES_AGGRESSIVE;
				CLANG_CXX_LANGUAGE_STANDARD = "gnu++20";
				CLANG_ENABLE_MODULES = YES;
				CLANG_ENABLE_OBJC_ARC = YES;
				CLANG_ENABLE_OBJC_WEAK = YES;
				CLANG_WARN_BLOCK_CAPTURE_AUTORELEASING = YES;
				CLANG_WARN_BOOL_CONVERSION = YES;
				CLANG_WARN_COMMA = YES;
				CLANG_WARN_CONSTANT_CONVERSION = YES;
				CLANG_WARN_DEPRECATED_OBJC_IMPLEMENTATIONS = YES;
				CLANG_WARN_DIRECT_OBJC_ISA_USAGE = YES_ERROR;
				CLANG_WARN_DOCUMENTATION_COMMENTS = YES;
				CLANG_WARN_EMPTY_BODY = YES;
				CLANG_WARN_ENUM_CONVERSION = YES;
				CLANG_WARN_INFINITE_RECURSION = YES;
				CLANG_WARN_INT_CONVERSION = YES;
				CLANG_WARN_NON_LITERAL_NULL_CONVERSION = YES;
				CLANG_WARN_OBJC_IMPLICIT_RETAIN_SELF = YES;
				CLANG_WARN_OBJC_LITERAL_CONVERSION = YES;
				CLANG_WARN_OBJC_ROOT_CLASS = YES_ERROR;
				CLANG_WARN_QUOTED_INCLUDE_IN_FRAMEWORK_HEADER = YES;
				CLANG_WARN_RANGE_LOOP_ANALYSIS = YES;
				CLANG_WARN_STRICT_PROTOTYPES = YES;
				CLANG_WARN_SUSPICIOUS_MOVE = YES;
				CLANG_WARN_UNGUARDED_AVAILABILITY = YES_AGGRESSIVE;
				CLANG_WARN_UNREACHABLE_CODE = YES;
				CLANG_WARN__DUPLICATE_METHOD_MATCH = YES;
				COPY_PHASE_STRIP = NO;
				DEBUG_INFORMATION_FORMAT = "dwarf-with-dsym";
				ENABLE_NS_ASSERTIONS = NO;
				ENABLE_STRICT_OBJC_MSGSEND = YES;
				ENABLE_USER_SCRIPT_SANDBOXING = YES;
				GCC_C_LANGUAGE_STANDARD = gnu17;
				GCC_NO_COMMON_BLOCKS = YES;
				GCC_WARN_64_TO_32_BIT_CONVERSION = YES;
				GCC_WARN_ABOUT_RETURN_TYPE = YES_ERROR;
				GCC_WARN_UNDECLARED_SELECTOR = YES;
				GCC_WARN_UNINITIALIZED_AUTOS = YES_AGGRESSIVE;
				GCC_WARN_UNUSED_FUNCTION = YES;
				GCC_WARN_UNUSED_VARIABLE = YES;
				IPHONEOS_DEPLOYMENT_TARGET = 17.5;
				LOCALIZATION_PREFERS_STRING_CATALOGS = YES;
				MTL_ENABLE_DEBUG_INFO = NO;
				MTL_FAST_MATH = YES;
				SDKROOT = iphoneos;
				SWIFT_COMPILATION_MODE = wholemodule;
				VALIDATE_PRODUCT = YES;
			};
			name = Release;
		};
		4FCBEF5F2C779B8A00BE5555 /* Debug */ = {
			isa = XCBuildConfiguration;
			buildSettings = {
				ASSETCATALOG_COMPILER_APPICON_NAME = AppIcon;
				ASSETCATALOG_COMPILER_GLOBAL_ACCENT_COLOR_NAME = AccentColor;
				CODE_SIGN_STYLE = Automatic;
				CURRENT_PROJECT_VERSION = 1;
				DEVELOPMENT_ASSET_PATHS = "\"Image Gallery/Preview Content\"";
				DEVELOPMENT_TEAM = TX9R26AVUZ;
				ENABLE_PREVIEWS = YES;
				GENERATE_INFOPLIST_FILE = YES;
				INFOPLIST_KEY_UIApplicationSceneManifest_Generation = YES;
				INFOPLIST_KEY_UIApplicationSupportsIndirectInputEvents = YES;
				INFOPLIST_KEY_UILaunchScreen_Generation = YES;
				INFOPLIST_KEY_UISupportedInterfaceOrientations_iPad = "UIInterfaceOrientationPortrait UIInterfaceOrientationPortraitUpsideDown UIInterfaceOrientationLandscapeLeft UIInterfaceOrientationLandscapeRight";
				INFOPLIST_KEY_UISupportedInterfaceOrientations_iPhone = "UIInterfaceOrientationPortrait UIInterfaceOrientationLandscapeLeft UIInterfaceOrientationLandscapeRight";
				LD_RUNPATH_SEARCH_PATHS = (
					"$(inherited)",
					"@executable_path/Frameworks",
				);
				MARKETING_VERSION = 1.0;
				PRODUCT_BUNDLE_IDENTIFIER = "com.quan.dnl.Image-Gallery";
				PRODUCT_NAME = "$(TARGET_NAME)";
				SWIFT_EMIT_LOC_STRINGS = YES;
				SWIFT_VERSION = 5.0;
				TARGETED_DEVICE_FAMILY = "1,2";
			};
			name = Debug;
		};
		4FCBEF602C779B8A00BE5555 /* Release */ = {
			isa = XCBuildConfiguration;
			buildSettings = {
				ASSETCATALOG_COMPILER_APPICON_NAME = AppIcon;
				ASSETCATALOG_COMPILER_GLOBAL_ACCENT_COLOR_NAME = AccentColor;
				CODE_SIGN_STYLE = Automatic;
				CURRENT_PROJECT_VERSION = 1;
				DEVELOPMENT_ASSET_PATHS = "\"Image Gallery/Preview Content\"";
				DEVELOPMENT_TEAM = TX9R26AVUZ;
				ENABLE_PREVIEWS = YES;
				GENERATE_INFOPLIST_FILE = YES;
				INFOPLIST_KEY_UIApplicationSceneManifest_Generation = YES;
				INFOPLIST_KEY_UIApplicationSupportsIndirectInputEvents = YES;
				INFOPLIST_KEY_UILaunchScreen_Generation = YES;
				INFOPLIST_KEY_UISupportedInterfaceOrientations_iPad = "UIInterfaceOrientationPortrait UIInterfaceOrientationPortraitUpsideDown UIInterfaceOrientationLandscapeLeft UIInterfaceOrientationLandscapeRight";
				INFOPLIST_KEY_UISupportedInterfaceOrientations_iPhone = "UIInterfaceOrientationPortrait UIInterfaceOrientationLandscapeLeft UIInterfaceOrientationLandscapeRight";
				LD_RUNPATH_SEARCH_PATHS = (
					"$(inherited)",
					"@executable_path/Frameworks",
				);
				MARKETING_VERSION = 1.0;
				PRODUCT_BUNDLE_IDENTIFIER = "com.quan.dnl.Image-Gallery";
				PRODUCT_NAME = "$(TARGET_NAME)";
				SWIFT_EMIT_LOC_STRINGS = YES;
				SWIFT_VERSION = 5.0;
				TARGETED_DEVICE_FAMILY = "1,2";
			};
			name = Release;
		};
		4FCBEF622C779B8A00BE5555 /* Debug */ = {
			isa = XCBuildConfiguration;
			buildSettings = {
				ALWAYS_EMBED_SWIFT_STANDARD_LIBRARIES = YES;
				BUNDLE_LOADER = "$(TEST_HOST)";
				CODE_SIGN_STYLE = Automatic;
				CURRENT_PROJECT_VERSION = 1;
				DEVELOPMENT_TEAM = TX9R26AVUZ;
				GENERATE_INFOPLIST_FILE = YES;
				IPHONEOS_DEPLOYMENT_TARGET = 17.5;
				MARKETING_VERSION = 1.0;
				PRODUCT_BUNDLE_IDENTIFIER = "com.quan.dnl.Image-GalleryTests";
				PRODUCT_NAME = "$(TARGET_NAME)";
				SWIFT_EMIT_LOC_STRINGS = NO;
				SWIFT_VERSION = 5.0;
				TARGETED_DEVICE_FAMILY = "1,2";
				TEST_HOST = "$(BUILT_PRODUCTS_DIR)/Image Gallery.app/$(BUNDLE_EXECUTABLE_FOLDER_PATH)/Image Gallery";
			};
			name = Debug;
		};
		4FCBEF632C779B8A00BE5555 /* Release */ = {
			isa = XCBuildConfiguration;
			buildSettings = {
				ALWAYS_EMBED_SWIFT_STANDARD_LIBRARIES = YES;
				BUNDLE_LOADER = "$(TEST_HOST)";
				CODE_SIGN_STYLE = Automatic;
				CURRENT_PROJECT_VERSION = 1;
				DEVELOPMENT_TEAM = TX9R26AVUZ;
				GENERATE_INFOPLIST_FILE = YES;
				IPHONEOS_DEPLOYMENT_TARGET = 17.5;
				MARKETING_VERSION = 1.0;
				PRODUCT_BUNDLE_IDENTIFIER = "com.quan.dnl.Image-GalleryTests";
				PRODUCT_NAME = "$(TARGET_NAME)";
				SWIFT_EMIT_LOC_STRINGS = NO;
				SWIFT_VERSION = 5.0;
				TARGETED_DEVICE_FAMILY = "1,2";
				TEST_HOST = "$(BUILT_PRODUCTS_DIR)/Image Gallery.app/$(BUNDLE_EXECUTABLE_FOLDER_PATH)/Image Gallery";
			};
			name = Release;
		};
		4FCBEF652C779B8A00BE5555 /* Debug */ = {
			isa = XCBuildConfiguration;
			buildSettings = {
				ALWAYS_EMBED_SWIFT_STANDARD_LIBRARIES = YES;
				CODE_SIGN_STYLE = Automatic;
				CURRENT_PROJECT_VERSION = 1;
				DEVELOPMENT_TEAM = TX9R26AVUZ;
				GENERATE_INFOPLIST_FILE = YES;
				MARKETING_VERSION = 1.0;
				PRODUCT_BUNDLE_IDENTIFIER = "com.quan.dnl.Image-GalleryUITests";
				PRODUCT_NAME = "$(TARGET_NAME)";
				SWIFT_EMIT_LOC_STRINGS = NO;
				SWIFT_VERSION = 5.0;
				TARGETED_DEVICE_FAMILY = "1,2";
				TEST_TARGET_NAME = "Image Gallery";
			};
			name = Debug;
		};
		4FCBEF662C779B8A00BE5555 /* Release */ = {
			isa = XCBuildConfiguration;
			buildSettings = {
				ALWAYS_EMBED_SWIFT_STANDARD_LIBRARIES = YES;
				CODE_SIGN_STYLE = Automatic;
				CURRENT_PROJECT_VERSION = 1;
				DEVELOPMENT_TEAM = TX9R26AVUZ;
				GENERATE_INFOPLIST_FILE = YES;
				MARKETING_VERSION = 1.0;
				PRODUCT_BUNDLE_IDENTIFIER = "com.quan.dnl.Image-GalleryUITests";
				PRODUCT_NAME = "$(TARGET_NAME)";
				SWIFT_EMIT_LOC_STRINGS = NO;
				SWIFT_VERSION = 5.0;
				TARGETED_DEVICE_FAMILY = "1,2";
				TEST_TARGET_NAME = "Image Gallery";
			};
			name = Release;
		};
/* End XCBuildConfiguration section */

/* Begin XCConfigurationList section */
		4FCBEF332C779B8800BE5555 /* Build configuration list for PBXProject "Image Gallery" */ = {
			isa = XCConfigurationList;
			buildConfigurations = (
				4FCBEF5C2C779B8A00BE5555 /* Debug */,
				4FCBEF5D2C779B8A00BE5555 /* Release */,
			);
			defaultConfigurationIsVisible = 0;
			defaultConfigurationName = Release;
		};
		4FCBEF5E2C779B8A00BE5555 /* Build configuration list for PBXNativeTarget "Image Gallery" */ = {
			isa = XCConfigurationList;
			buildConfigurations = (
				4FCBEF5F2C779B8A00BE5555 /* Debug */,
				4FCBEF602C779B8A00BE5555 /* Release */,
			);
			defaultConfigurationIsVisible = 0;
			defaultConfigurationName = Release;
		};
		4FCBEF612C779B8A00BE5555 /* Build configuration list for PBXNativeTarget "Image GalleryTests" */ = {
			isa = XCConfigurationList;
			buildConfigurations = (
				4FCBEF622C779B8A00BE5555 /* Debug */,
				4FCBEF632C779B8A00BE5555 /* Release */,
			);
			defaultConfigurationIsVisible = 0;
			defaultConfigurationName = Release;
		};
		4FCBEF642C779B8A00BE5555 /* Build configuration list for PBXNativeTarget "Image GalleryUITests" */ = {
			isa = XCConfigurationList;
			buildConfigurations = (
				4FCBEF652C779B8A00BE5555 /* Debug */,
				4FCBEF662C779B8A00BE5555 /* Release */,
			);
			defaultConfigurationIsVisible = 0;
			defaultConfigurationName = Release;
		};
/* End XCConfigurationList section */
	};
	rootObject = 4FCBEF302C779B8800BE5555 /* Project object */;
}
